
Microsoft Visual Studio Solution File, Format Version 12.00
# Visual Studio Version 16
VisualStudioVersion = 16.0.33214.272
MinimumVisualStudioVersion = 10.0.40219.1
Project("{FAE04EC0-301F-11D3-BF4B-00C04F79EFBC}") = "Mission02", "Mission02\Mission02.csproj", "{57863A13-3134-4D89-90A3-A3AE4799952A}"
EndProject
Global
	GlobalSection(SolutionConfigurationPlatforms) = preSolution
		Debug|Any CPU = Debug|Any CPU
		Release|Any CPU = Release|Any CPU
	EndGlobalSection
	GlobalSection(ProjectConfigurationPlatforms) = postSolution
		{57863A13-3134-4D89-90A3-A3AE4799952A}.Debug|Any CPU.ActiveCfg = Debug|Any CPU
		{57863A13-3134-4D89-90A3-A3AE4799952A}.Debug|Any CPU.Build.0 = Debug|Any CPU
		{57863A13-3134-4D89-90A3-A3AE4799952A}.Release|Any CPU.ActiveCfg = Release|Any CPU
		{57863A13-3134-4D89-90A3-A3AE4799952A}.Release|Any CPU.Build.0 = Release|Any CPU
	EndGlobalSection
	GlobalSection(SolutionProperties) = preSolution
		HideSolutionNode = FALSE
	EndGlobalSection
	GlobalSection(ExtensibilityGlobals) = postSolution
		SolutionGuid = {FE710535-894D-4041-8A8A-996B3CF73CD9}
	EndGlobalSection
EndGlobal
